// !$*UTF8*$!
{
	archiveVersion = 1;
	classes = {
	};
	objectVersion = 77;
	objects = {

/* Begin PBXBuildFile section */
		6394BD5D2E3B06CD005C4BCA /* PokedexPocketPokemon.framework in Frameworks */ = {isa = PBXBuildFile; fileRef = 6394BD512E3B06CD005C4BCA /* PokedexPocketPokemon.framework */; };
		6394BD732E3B0929005C4BCA /* PokedexPocketCore in Frameworks */ = {isa = PBXBuildFile; productRef = 6394BD722E3B0929005C4BCA /* PokedexPocketCore */; };
/* End PBXBuildFile section */

/* Begin PBXContainerItemProxy section */
		6394BD5E2E3B06CD005C4BCA /* PBXContainerItemProxy */ = {
			isa = PBXContainerItemProxy;
			containerPortal = 6394BD482E3B06CD005C4BCA /* Project object */;
			proxyType = 1;
			remoteGlobalIDString = 6394BD502E3B06CD005C4BCA;
			remoteInfo = PokedexPocketPokemon;
		};
/* End PBXContainerItemProxy section */

/* Begin PBXFileReference section */
		6394BD512E3B06CD005C4BCA /* PokedexPocketPokemon.framework */ = {isa = PBXFileReference; explicitFileType = wrapper.framework; includeInIndex = 0; path = PokedexPocketPokemon.framework; sourceTree = BUILT_PRODUCTS_DIR; };
		6394BD5C2E3B06CD005C4BCA /* PokedexPocketPokemonTests.xctest */ = {isa = PBXFileReference; explicitFileType = wrapper.cfbundle; includeInIndex = 0; path = PokedexPocketPokemonTests.xctest; sourceTree = BUILT_PRODUCTS_DIR; };
/* End PBXFileReference section */

/* Begin PBXFileSystemSynchronizedRootGroup section */
		6394BD532E3B06CD005C4BCA /* PokedexPocketPokemon */ = {
			isa = PBXFileSystemSynchronizedRootGroup;
			path = PokedexPocketPokemon;
			sourceTree = "<group>";
		};
		6394BD602E3B06CD005C4BCA /* PokedexPocketPokemonTests */ = {
			isa = PBXFileSystemSynchronizedRootGroup;
			path = PokedexPocketPokemonTests;
			sourceTree = "<group>";
		};
/* End PBXFileSystemSynchronizedRootGroup section */

/* Begin PBXFrameworksBuildPhase section */
		6394BD4E2E3B06CD005C4BCA /* Frameworks */ = {
			isa = PBXFrameworksBuildPhase;
			buildActionMask = 2147483647;
			files = (
				6394BD732E3B0929005C4BCA /* PokedexPocketCore in Frameworks */,
			);
			runOnlyForDeploymentPostprocessing = 0;
		};
		6394BD592E3B06CD005C4BCA /* Frameworks */ = {
			isa = PBXFrameworksBuildPhase;
			buildActionMask = 2147483647;
			files = (
				6394BD5D2E3B06CD005C4BCA /* PokedexPocketPokemon.framework in Frameworks */,
			);
			runOnlyForDeploymentPostprocessing = 0;
		};
/* End PBXFrameworksBuildPhase section */

/* Begin PBXGroup section */
		6394BD472E3B06CD005C4BCA = {
			isa = PBXGroup;
			children = (
				6394BD532E3B06CD005C4BCA /* PokedexPocketPokemon */,
				6394BD602E3B06CD005C4BCA /* PokedexPocketPokemonTests */,
				6394BD522E3B06CD005C4BCA /* Products */,
			);
			sourceTree = "<group>";
		};
		6394BD522E3B06CD005C4BCA /* Products */ = {
			isa = PBXGroup;
			children = (
				6394BD512E3B06CD005C4BCA /* PokedexPocketPokemon.framework */,
				6394BD5C2E3B06CD005C4BCA /* PokedexPocketPokemonTests.xctest */,
			);
			name = Products;
			sourceTree = "<group>";
		};
/* End PBXGroup section */

/* Begin PBXHeadersBuildPhase section */
		6394BD4C2E3B06CD005C4BCA /* Headers */ = {
			isa = PBXHeadersBuildPhase;
			buildActionMask = 2147483647;
			files = (
			);
			runOnlyForDeploymentPostprocessing = 0;
		};
/* End PBXHeadersBuildPhase section */

/* Begin PBXNativeTarget section */
		6394BD502E3B06CD005C4BCA /* PokedexPocketPokemon */ = {
			isa = PBXNativeTarget;
			buildConfigurationList = 6394BD652E3B06CD005C4BCA /* Build configuration list for PBXNativeTarget "PokedexPocketPokemon" */;
			buildPhases = (
				6394BD4C2E3B06CD005C4BCA /* Headers */,
				6394BD4D2E3B06CD005C4BCA /* Sources */,
				6394BD4E2E3B06CD005C4BCA /* Frameworks */,
				6394BD4F2E3B06CD005C4BCA /* Resources */,
			);
			buildRules = (
			);
			dependencies = (
			);
			fileSystemSynchronizedGroups = (
				6394BD532E3B06CD005C4BCA /* PokedexPocketPokemon */,
			);
			name = PokedexPocketPokemon;
			packageProductDependencies = (
				6394BD722E3B0929005C4BCA /* PokedexPocketCore */,
			);
			productName = PokedexPocketPokemon;
			productReference = 6394BD512E3B06CD005C4BCA /* PokedexPocketPokemon.framework */;
			productType = "com.apple.product-type.framework";
		};
		6394BD5B2E3B06CD005C4BCA /* PokedexPocketPokemonTests */ = {
			isa = PBXNativeTarget;
			buildConfigurationList = 6394BD682E3B06CD005C4BCA /* Build configuration list for PBXNativeTarget "PokedexPocketPokemonTests" */;
			buildPhases = (
				6394BD582E3B06CD005C4BCA /* Sources */,
				6394BD592E3B06CD005C4BCA /* Frameworks */,
				6394BD5A2E3B06CD005C4BCA /* Resources */,
			);
			buildRules = (
			);
			dependencies = (
				6394BD5F2E3B06CD005C4BCA /* PBXTargetDependency */,
			);
			fileSystemSynchronizedGroups = (
				6394BD602E3B06CD005C4BCA /* PokedexPocketPokemonTests */,
			);
			name = PokedexPocketPokemonTests;
			packageProductDependencies = (
			);
			productName = PokedexPocketPokemonTests;
			productReference = 6394BD5C2E3B06CD005C4BCA /* PokedexPocketPokemonTests.xctest */;
			productType = "com.apple.product-type.bundle.unit-test";
		};
/* End PBXNativeTarget section */

/* Begin PBXProject section */
		6394BD482E3B06CD005C4BCA /* Project object */ = {
			isa = PBXProject;
			attributes = {
				BuildIndependentTargetsInParallel = 1;
				LastSwiftUpdateCheck = 1640;
				LastUpgradeCheck = 1640;
				TargetAttributes = {
					6394BD502E3B06CD005C4BCA = {
						CreatedOnToolsVersion = 16.4;
					};
					6394BD5B2E3B06CD005C4BCA = {
						CreatedOnToolsVersion = 16.4;
					};
				};
			};
			buildConfigurationList = 6394BD4B2E3B06CD005C4BCA /* Build configuration list for PBXProject "PokedexPocketPokemon" */;
			developmentRegion = en;
			hasScannedForEncodings = 0;
			knownRegions = (
				en,
				Base,
			);
			mainGroup = 6394BD472E3B06CD005C4BCA;
			minimizedProjectReferenceProxies = 1;
			packageReferences = (
				6394BD712E3B0929005C4BCA /* XCRemoteSwiftPackageReference "PokedexPocketCore" */,
			);
			preferredProjectObjectVersion = 77;
			productRefGroup = 6394BD522E3B06CD005C4BCA /* Products */;
			projectDirPath = "";
			projectRoot = "";
			targets = (
				6394BD502E3B06CD005C4BCA /* PokedexPocketPokemon */,
				6394BD5B2E3B06CD005C4BCA /* PokedexPocketPokemonTests */,
			);
		};
/* End PBXProject section */

/* Begin PBXResourcesBuildPhase section */
		6394BD4F2E3B06CD005C4BCA /* Resources */ = {
			isa = PBXResourcesBuildPhase;
			buildActionMask = 2147483647;
			files = (
			);
			runOnlyForDeploymentPostprocessing = 0;
		};
		6394BD5A2E3B06CD005C4BCA /* Resources */ = {
			isa = PBXResourcesBuildPhase;
			buildActionMask = 2147483647;
			files = (
			);
			runOnlyForDeploymentPostprocessing = 0;
		};
/* End PBXResourcesBuildPhase section */

/* Begin PBXSourcesBuildPhase section */
		6394BD4D2E3B06CD005C4BCA /* Sources */ = {
			isa = PBXSourcesBuildPhase;
			buildActionMask = 2147483647;
			files = (
			);
			runOnlyForDeploymentPostprocessing = 0;
		};
		6394BD582E3B06CD005C4BCA /* Sources */ = {
			isa = PBXSourcesBuildPhase;
			buildActionMask = 2147483647;
			files = (
			);
			runOnlyForDeploymentPostprocessing = 0;
		};
/* End PBXSourcesBuildPhase section */

/* Begin PBXTargetDependency section */
		6394BD5F2E3B06CD005C4BCA /* PBXTargetDependency */ = {
			isa = PBXTargetDependency;
			target = 6394BD502E3B06CD005C4BCA /* PokedexPocketPokemon */;
			targetProxy = 6394BD5E2E3B06CD005C4BCA /* PBXContainerItemProxy */;
		};
/* End PBXTargetDependency section */

/* Begin XCBuildConfiguration section */
		6394BD632E3B06CD005C4BCA /* Debug */ = {
			isa = XCBuildConfiguration;
			buildSettings = {
				ALWAYS_SEARCH_USER_PATHS = NO;
				ASSETCATALOG_COMPILER_GENERATE_SWIFT_ASSET_SYMBOL_EXTENSIONS = YES;
				CLANG_ANALYZER_NONNULL = YES;
				CLANG_ANALYZER_NUMBER_OBJECT_CONVERSION = YES_AGGRESSIVE;
				CLANG_CXX_LANGUAGE_STANDARD = "gnu++20";
				CLANG_ENABLE_MODULES = YES;
				CLANG_ENABLE_OBJC_ARC = YES;
				CLANG_ENABLE_OBJC_WEAK = YES;
				CLANG_WARN_BLOCK_CAPTURE_AUTORELEASING = YES;
				CLANG_WARN_BOOL_CONVERSION = YES;
				CLANG_WARN_COMMA = YES;
				CLANG_WARN_CONSTANT_CONVERSION = YES;
				CLANG_WARN_DEPRECATED_OBJC_IMPLEMENTATIONS = YES;
				CLANG_WARN_DIRECT_OBJC_ISA_USAGE = YES_ERROR;
				CLANG_WARN_DOCUMENTATION_COMMENTS = YES;
				CLANG_WARN_EMPTY_BODY = YES;
				CLANG_WARN_ENUM_CONVERSION = YES;
				CLANG_WARN_INFINITE_RECURSION = YES;
				CLANG_WARN_INT_CONVERSION = YES;
				CLANG_WARN_NON_LITERAL_NULL_CONVERSION = YES;
				CLANG_WARN_OBJC_IMPLICIT_RETAIN_SELF = YES;
				CLANG_WARN_OBJC_LITERAL_CONVERSION = YES;
				CLANG_WARN_OBJC_ROOT_CLASS = YES_ERROR;
				CLANG_WARN_QUOTED_INCLUDE_IN_FRAMEWORK_HEADER = YES;
				CLANG_WARN_RANGE_LOOP_ANALYSIS = YES;
				CLANG_WARN_STRICT_PROTOTYPES = YES;
				CLANG_WARN_SUSPICIOUS_MOVE = YES;
				CLANG_WARN_UNGUARDED_AVAILABILITY = YES_AGGRESSIVE;
				CLANG_WARN_UNREACHABLE_CODE = YES;
				CLANG_WARN__DUPLICATE_METHOD_MATCH = YES;
				COPY_PHASE_STRIP = NO;
				CURRENT_PROJECT_VERSION = 1;
				DEBUG_INFORMATION_FORMAT = dwarf;
				DEVELOPMENT_TEAM = 68R77L7WB2;
				ENABLE_STRICT_OBJC_MSGSEND = YES;
				ENABLE_TESTABILITY = YES;
				ENABLE_USER_SCRIPT_SANDBOXING = YES;
				GCC_C_LANGUAGE_STANDARD = gnu17;
				GCC_DYNAMIC_NO_PIC = NO;
				GCC_NO_COMMON_BLOCKS = YES;
				GCC_OPTIMIZATION_LEVEL = 0;
				GCC_PREPROCESSOR_DEFINITIONS = (
					"DEBUG=1",
					"$(inherited)",
				);
				GCC_WARN_64_TO_32_BIT_CONVERSION = YES;
				GCC_WARN_ABOUT_RETURN_TYPE = YES_ERROR;
				GCC_WARN_UNDECLARED_SELECTOR = YES;
				GCC_WARN_UNINITIALIZED_AUTOS = YES_AGGRESSIVE;
				GCC_WARN_UNUSED_FUNCTION = YES;
				GCC_WARN_UNUSED_VARIABLE = YES;
				IPHONEOS_DEPLOYMENT_TARGET = 18.5;
				LOCALIZATION_PREFERS_STRING_CATALOGS = YES;
				MTL_ENABLE_DEBUG_INFO = INCLUDE_SOURCE;
				MTL_FAST_MATH = YES;
				ONLY_ACTIVE_ARCH = YES;
				SDKROOT = iphoneos;
				SWIFT_ACTIVE_COMPILATION_CONDITIONS = "DEBUG $(inherited)";
				SWIFT_OPTIMIZATION_LEVEL = "-Onone";
				VERSIONING_SYSTEM = "apple-generic";
				VERSION_INFO_PREFIX = "";
			};
			name = Debug;
		};
		6394BD642E3B06CD005C4BCA /* Release */ = {
			isa = XCBuildConfiguration;
			buildSettings = {
				ALWAYS_SEARCH_USER_PATHS = NO;
				ASSETCATALOG_COMPILER_GENERATE_SWIFT_ASSET_SYMBOL_EXTENSIONS = YES;
				CLANG_ANALYZER_NONNULL = YES;
				CLANG_ANALYZER_NUMBER_OBJECT_CONVERSION = YES_AGGRESSIVE;
				CLANG_CXX_LANGUAGE_STANDARD = "gnu++20";
				CLANG_ENABLE_MODULES = YES;
				CLANG_ENABLE_OBJC_ARC = YES;
				CLANG_ENABLE_OBJC_WEAK = YES;
				CLANG_WARN_BLOCK_CAPTURE_AUTORELEASING = YES;
				CLANG_WARN_BOOL_CONVERSION = YES;
				CLANG_WARN_COMMA = YES;
				CLANG_WARN_CONSTANT_CONVERSION = YES;
				CLANG_WARN_DEPRECATED_OBJC_IMPLEMENTATIONS = YES;
				CLANG_WARN_DIRECT_OBJC_ISA_USAGE = YES_ERROR;
				CLANG_WARN_DOCUMENTATION_COMMENTS = YES;
				CLANG_WARN_EMPTY_BODY = YES;
				CLANG_WARN_ENUM_CONVERSION = YES;
				CLANG_WARN_INFINITE_RECURSION = YES;
				CLANG_WARN_INT_CONVERSION = YES;
				CLANG_WARN_NON_LITERAL_NULL_CONVERSION = YES;
				CLANG_WARN_OBJC_IMPLICIT_RETAIN_SELF = YES;
				CLANG_WARN_OBJC_LITERAL_CONVERSION = YES;
				CLANG_WARN_OBJC_ROOT_CLASS = YES_ERROR;
				CLANG_WARN_QUOTED_INCLUDE_IN_FRAMEWORK_HEADER = YES;
				CLANG_WARN_RANGE_LOOP_ANALYSIS = YES;
				CLANG_WARN_STRICT_PROTOTYPES = YES;
				CLANG_WARN_SUSPICIOUS_MOVE = YES;
				CLANG_WARN_UNGUARDED_AVAILABILITY = YES_AGGRESSIVE;
				CLANG_WARN_UNREACHABLE_CODE = YES;
				CLANG_WARN__DUPLICATE_METHOD_MATCH = YES;
				COPY_PHASE_STRIP = NO;
				CURRENT_PROJECT_VERSION = 1;
				DEBUG_INFORMATION_FORMAT = "dwarf-with-dsym";
				DEVELOPMENT_TEAM = 68R77L7WB2;
				ENABLE_NS_ASSERTIONS = NO;
				ENABLE_STRICT_OBJC_MSGSEND = YES;
				ENABLE_USER_SCRIPT_SANDBOXING = YES;
				GCC_C_LANGUAGE_STANDARD = gnu17;
				GCC_NO_COMMON_BLOCKS = YES;
				GCC_WARN_64_TO_32_BIT_CONVERSION = YES;
				GCC_WARN_ABOUT_RETURN_TYPE = YES_ERROR;
				GCC_WARN_UNDECLARED_SELECTOR = YES;
				GCC_WARN_UNINITIALIZED_AUTOS = YES_AGGRESSIVE;
				GCC_WARN_UNUSED_FUNCTION = YES;
				GCC_WARN_UNUSED_VARIABLE = YES;
				IPHONEOS_DEPLOYMENT_TARGET = 18.5;
				LOCALIZATION_PREFERS_STRING_CATALOGS = YES;
				MTL_ENABLE_DEBUG_INFO = NO;
				MTL_FAST_MATH = YES;
				SDKROOT = iphoneos;
				SWIFT_COMPILATION_MODE = wholemodule;
				VALIDATE_PRODUCT = YES;
				VERSIONING_SYSTEM = "apple-generic";
				VERSION_INFO_PREFIX = "";
			};
			name = Release;
		};
		6394BD662E3B06CD005C4BCA /* Debug */ = {
			isa = XCBuildConfiguration;
			buildSettings = {
				BUILD_LIBRARY_FOR_DISTRIBUTION = YES;
				CODE_SIGN_STYLE = Automatic;
				CURRENT_PROJECT_VERSION = 1;
				DEVELOPMENT_TEAM = 68R77L7WB2;
				DYLIB_COMPATIBILITY_VERSION = 1;
				DYLIB_CURRENT_VERSION = 1;
				DYLIB_INSTALL_NAME_BASE = "@rpath";
				ENABLE_MODULE_VERIFIER = YES;
				GENERATE_INFOPLIST_FILE = YES;
				INFOPLIST_KEY_NSHumanReadableCopyright = "";
				INSTALL_PATH = "$(LOCAL_LIBRARY_DIR)/Frameworks";
				LD_RUNPATH_SEARCH_PATHS = (
					"$(inherited)",
					"@executable_path/Frameworks",
					"@loader_path/Frameworks",
				);
				MARKETING_VERSION = 1.0;
				MODULE_VERIFIER_SUPPORTED_LANGUAGES = "objective-c objective-c++";
				MODULE_VERIFIER_SUPPORTED_LANGUAGE_STANDARDS = "gnu17 gnu++20";
				PRODUCT_BUNDLE_IDENTIFIER = com.muhAzri.PokedexPocketPokemon;
				PRODUCT_NAME = "$(TARGET_NAME:c99extidentifier)";
				SKIP_INSTALL = YES;
				SWIFT_EMIT_LOC_STRINGS = YES;
				SWIFT_INSTALL_MODULE = YES;
				SWIFT_INSTALL_OBJC_HEADER = NO;
				SWIFT_VERSION = 5.0;
				TARGETED_DEVICE_FAMILY = "1,2";
			};
			name = Debug;
		};
		6394BD672E3B06CD005C4BCA /* Release */ = {
			isa = XCBuildConfiguration;
			buildSettings = {
				BUILD_LIBRARY_FOR_DISTRIBUTION = YES;
				CODE_SIGN_STYLE = Automatic;
				CURRENT_PROJECT_VERSION = 1;
				DEVELOPMENT_TEAM = 68R77L7WB2;
				DYLIB_COMPATIBILITY_VERSION = 1;
				DYLIB_CURRENT_VERSION = 1;
				DYLIB_INSTALL_NAME_BASE = "@rpath";
				ENABLE_MODULE_VERIFIER = YES;
				GENERATE_INFOPLIST_FILE = YES;
				INFOPLIST_KEY_NSHumanReadableCopyright = "";
				INSTALL_PATH = "$(LOCAL_LIBRARY_DIR)/Frameworks";
				LD_RUNPATH_SEARCH_PATHS = (
					"$(inherited)",
					"@executable_path/Frameworks",
					"@loader_path/Frameworks",
				);
				MARKETING_VERSION = 1.0;
				MODULE_VERIFIER_SUPPORTED_LANGUAGES = "objective-c objective-c++";
				MODULE_VERIFIER_SUPPORTED_LANGUAGE_STANDARDS = "gnu17 gnu++20";
				PRODUCT_BUNDLE_IDENTIFIER = com.muhAzri.PokedexPocketPokemon;
				PRODUCT_NAME = "$(TARGET_NAME:c99extidentifier)";
				SKIP_INSTALL = YES;
				SWIFT_EMIT_LOC_STRINGS = YES;
				SWIFT_INSTALL_MODULE = YES;
				SWIFT_INSTALL_OBJC_HEADER = NO;
				SWIFT_VERSION = 5.0;
				TARGETED_DEVICE_FAMILY = "1,2";
			};
			name = Release;
		};
		6394BD692E3B06CD005C4BCA /* Debug */ = {
			isa = XCBuildConfiguration;
			buildSettings = {
				CODE_SIGN_STYLE = Automatic;
				CURRENT_PROJECT_VERSION = 1;
				DEVELOPMENT_TEAM = 68R77L7WB2;
				GENERATE_INFOPLIST_FILE = YES;
				MARKETING_VERSION = 1.0;
				PRODUCT_BUNDLE_IDENTIFIER = com.muhAzri.PokedexPocketPokemonTests;
				PRODUCT_NAME = "$(TARGET_NAME)";
				SWIFT_EMIT_LOC_STRINGS = NO;
				SWIFT_VERSION = 5.0;
				TARGETED_DEVICE_FAMILY = "1,2";
			};
			name = Debug;
		};
		6394BD6A2E3B06CD005C4BCA /* Release */ = {
			isa = XCBuildConfiguration;
			buildSettings = {
				CODE_SIGN_STYLE = Automatic;
				CURRENT_PROJECT_VERSION = 1;
				DEVELOPMENT_TEAM = 68R77L7WB2;
				GENERATE_INFOPLIST_FILE = YES;
				MARKETING_VERSION = 1.0;
				PRODUCT_BUNDLE_IDENTIFIER = com.muhAzri.PokedexPocketPokemonTests;
				PRODUCT_NAME = "$(TARGET_NAME)";
				SWIFT_EMIT_LOC_STRINGS = NO;
				SWIFT_VERSION = 5.0;
				TARGETED_DEVICE_FAMILY = "1,2";
			};
			name = Release;
		};
/* End XCBuildConfiguration section */

/* Begin XCConfigurationList section */
		6394BD4B2E3B06CD005C4BCA /* Build configuration list for PBXProject "PokedexPocketPokemon" */ = {
			isa = XCConfigurationList;
			buildConfigurations = (
				6394BD632E3B06CD005C4BCA /* Debug */,
				6394BD642E3B06CD005C4BCA /* Release */,
			);
			defaultConfigurationIsVisible = 0;
			defaultConfigurationName = Release;
		};
		6394BD652E3B06CD005C4BCA /* Build configuration list for PBXNativeTarget "PokedexPocketPokemon" */ = {
			isa = XCConfigurationList;
			buildConfigurations = (
				6394BD662E3B06CD005C4BCA /* Debug */,
				6394BD672E3B06CD005C4BCA /* Release */,
			);
			defaultConfigurationIsVisible = 0;
			defaultConfigurationName = Release;
		};
		6394BD682E3B06CD005C4BCA /* Build configuration list for PBXNativeTarget "PokedexPocketPokemonTests" */ = {
			isa = XCConfigurationList;
			buildConfigurations = (
				6394BD692E3B06CD005C4BCA /* Debug */,
				6394BD6A2E3B06CD005C4BCA /* Release */,
			);
			defaultConfigurationIsVisible = 0;
			defaultConfigurationName = Release;
		};
/* End XCConfigurationList section */

/* Begin XCRemoteSwiftPackageReference section */
		6394BD712E3B0929005C4BCA /* XCRemoteSwiftPackageReference "PokedexPocketCore" */ = {
			isa = XCRemoteSwiftPackageReference;
			repositoryURL = "https://github.com/muhAzri/PokedexPocketCore";
			requirement = {
				branch = main;
				kind = branch;
			};
		};
/* End XCRemoteSwiftPackageReference section */

/* Begin XCSwiftPackageProductDependency section */
		6394BD722E3B0929005C4BCA /* PokedexPocketCore */ = {
			isa = XCSwiftPackageProductDependency;
			package = 6394BD712E3B0929005C4BCA /* XCRemoteSwiftPackageReference "PokedexPocketCore" */;
			productName = PokedexPocketCore;
		};
/* End XCSwiftPackageProductDependency section */
	};
	rootObject = 6394BD482E3B06CD005C4BCA /* Project object */;
}
