{
  "originHash" : "f5fc675fecef85e99e67ea48aaf3c642a6abff11efe0b07962e6c6c474bf8b7f",
  "pins" : [
    {
      "identity" : "alamofire",
      "kind" : "remoteSourceControl",
      "location" : "https://github.com/Alamofire/Alamofire.git",
      "state" : {
        "revision" : "513364f870f6bfc468f9d2ff0a95caccc10044c5",
        "version" : "5.10.2"
      }
    },
    {
      "identity" : "pokedexpocketcore",
      "kind" : "remoteSourceControl",
      "location" : "https://github.com/muhAzri/PokedexPocketCore",
      "state" : {
        "branch" : "main",
        "revision" : "ebb65afa67fce591bcfefcc0d94e868fc7cce8ce"
      }
    },
    {
      "identity" : "rxswift",
      "kind" : "remoteSourceControl",
      "location" : "https://github.com/ReactiveX/RxSwift.git",
      "state" : {
        "revision" : "5dd1907d64f0d36f158f61a466bab75067224893",
        "version" : "6.9.0"
      }
    }
  ],
  "version" : 3
}
