{
  "originHash" : "2ee16d3ab4c423b99c8e8e87d694fd26137386d596f16040da46e97183b1b7c9",
  "pins" : [
    {
      "identity" : "alamofire",
      "kind" : "remoteSourceControl",
      "location" : "https://github.com/Alamofire/Alamofire.git",
      "state" : {
        "revision" : "513364f870f6bfc468f9d2ff0a95caccc10044c5",
        "version" : "5.10.2"
      }
    },
    {
      "identity" : "pokedexpocketcore",
      "kind" : "remoteSourceControl",
      "location" : "https://github.com/muhAzri/PokedexPocketCore",
      "state" : {
        "branch" : "main",
        "revision" : "ebb65afa67fce591bcfefcc0d94e868fc7cce8ce"
      }
    },
    {
      "identity" : "pokedexpocketfavourite",
      "kind" : "remoteSourceControl",
      "location" : "https://github.com/muhAzri/PokedexPocketFavourite.git",
      "state" : {
        "branch" : "main",
        "revision" : "af85954f79fa20950e647952b757c36c53996aad"
      }
    },
    {
      "identity" : "rxswift",
      "kind" : "remoteSourceControl",
      "location" : "https://github.com/ReactiveX/RxSwift.git",
      "state" : {
        "revision" : "5dd1907d64f0d36f158f61a466bab75067224893",
        "version" : "6.9.0"
      }
    }
  ],
  "version" : 3
}
